
Microsoft Visual Studio Solution File, Format Version 12.00
# Visual Studio Version 16
VisualStudioVersion = 16.0.31205.134
MinimumVisualStudioVersion = 10.0.40219.1
Project("{FAE04EC0-301F-11D3-BF4B-00C04F79EFBC}") = "SignalRInCoreMVC", "SignalRInCoreMVC\SignalRInCoreMVC.csproj", "{7151CB14-73D3-41FA-88EC-244583A5D092}"
EndProject
Global
	GlobalSection(SolutionConfigurationPlatforms) = preSolution
		Debug|Any CPU = Debug|Any CPU
		Release|Any CPU = Release|Any CPU
	EndGlobalSection
	GlobalSection(ProjectConfigurationPlatforms) = postSolution
		{7151CB14-73D3-41FA-88EC-244583A5D092}.Debug|Any CPU.ActiveCfg = Debug|Any CPU
		{7151CB14-73D3-41FA-88EC-244583A5D092}.Debug|Any CPU.Build.0 = Debug|Any CPU
		{7151CB14-73D3-41FA-88EC-244583A5D092}.Release|Any CPU.ActiveCfg = Release|Any CPU
		{7151CB14-73D3-41FA-88EC-244583A5D092}.Release|Any CPU.Build.0 = Release|Any CPU
	EndGlobalSection
	GlobalSection(SolutionProperties) = preSolution
		HideSolutionNode = FALSE
	EndGlobalSection
	GlobalSection(ExtensibilityGlobals) = postSolution
		SolutionGuid = {6A958339-BFE3-40E2-A434-B75EE3EA54BF}
	EndGlobalSection
EndGlobal
